# This file is autogenerated, do not edit; changes may be undone by the next 'dep ensure'.


[[projects]]
  digest = "1:28a8bbc0082dd9c30ff36deeeb8f8a6b579cbccf4e00765317929c88529b898e"
  name = "github.com/calmh/luhn"
  packages = ["."]
  pruneopts = "UT"
  revision = "5b2abb343e70180dbf456397c5fd93f14471b08e"
  version = "v2.0.0"

[[projects]]
  digest = "1:2209584c0f7c9b68c23374e659357ab546e1b70eec2761f03280f69a8fd23d77"
  name = "github.com/cenkalti/backoff"
  packages = ["."]
  pruneopts = "UT"
  revision = "2ea60e5f094469f9e65adb9cd103795b73ae743e"
  version = "v2.0.0"

[[projects]]
  branch = "master"
  digest = "1:50cf302cc52eb618cec25d4daf167ed5593145d43b447b906a9f0d24e271d48b"
  name = "github.com/felixge/tcpkeepalive"
  packages = ["."]
  pruneopts = "UT"
  revision = "5bb0b2dea91e0de550022159b9571aafc72c08ba"

[[projects]]
  digest = "1:bc38c7c481812e178d85160472e231c5e1c9a7f5845d67e23ee4e706933c10d8"
  name = "github.com/golang/mock"
  packages = ["gomock"]
  pruneopts = "UT"
  revision = "c34cdb4725f4c3844d095133c6e40e448b86589b"
  version = "v1.1.1"

[[projects]]
  digest = "1:fd007369384733432e6454c928d077ec9b809eef23b241ee0f59c3067d4516c2"
  name = "github.com/mmatczuk/go-http-tunnel"
  packages = ["tunnelmock"]
  pruneopts = "UT"
  revision = "75a30abccc8db9d1149845e9985e80cca57758a2"
  version = "2.1"

[[projects]]
  branch = "master"
  digest = "1:d1209fa9ed40a3a24de8498a9bead59eb3333f16a73fa23ba1fc6677a3cfc9d7"
  name = "golang.org/x/net"
  packages = [
    "context",
    "http/httpguts",
    "http2",
    "http2/hpack",
    "idna",
  ]
  pruneopts = "UT"
  revision = "8a410e7b638dca158bf9e766925842f6651ff828"

[[projects]]
  digest = "1:a2ab62866c75542dd18d2b069fec854577a20211d7c0ea6ae746072a1dccdd18"
  name = "golang.org/x/text"
  packages = [
    "collate",
    "collate/build",
    "internal/colltab",
    "internal/gen",
    "internal/tag",
    "internal/triegen",
    "internal/ucd",
    "language",
    "secure/bidirule",
    "transform",
    "unicode/bidi",
    "unicode/cldr",
    "unicode/norm",
    "unicode/rangetable",
  ]
  pruneopts = "UT"
  revision = "f21a4dfb5e38f5895301dc265a8def02365cc3d0"
  version = "v0.3.0"

[[projects]]
  digest = "1:342378ac4dcb378a5448dd723f0784ae519383532f5e70ade24132c4c8693202"
  name = "gopkg.in/yaml.v2"
  packages = ["."]
  pruneopts = "UT"
  revision = "5420a8b6744d3b0345ab293f6fcba19c978f1183"
  version = "v2.2.1"

[solve-meta]
  analyzer-name = "dep"
  analyzer-version = 1
  input-imports = [
    "github.com/calmh/luhn",
    "github.com/cenkalti/backoff",
    "github.com/felixge/tcpkeepalive",
    "github.com/golang/mock/gomock",
    "github.com/mmatczuk/go-http-tunnel/tunnelmock",
    "golang.org/x/net/http2",
    "gopkg.in/yaml.v2",
  ]
  solver-name = "gps-cdcl"
  solver-version = 1
